{
  "name": "eportfolio-gallery",
  "version": "1.0.0",
  "lockfileVersion": 3,
  "requires": true,
  "packages": {
    "": {
      "name": "eportfolio-gallery",
      "version": "1.0.0",
      "dependencies": {
        "eportfolio-shared": "github:jesss-git/ePortfolio-Shared",
        "gsap": "^3.13.0"
      }
    },
    "node_modules/eportfolio-shared": {
      "version": "1.0.0",
      "resolved": "git+ssh://git@github.com/jesss-git/ePortfolio-Shared.git#2f3dd15fca412c59fea2c8374c4533acaa481a35"
    },
    "node_modules/gsap": {
      "version": "3.13.0",
      "resolved": "https://registry.npmjs.org/gsap/-/gsap-3.13.0.tgz",
      "integrity": "sha512-QL7MJ2WMjm1PHWsoFrAQH/J8wUeqZvMtHO58qdekHpCfhvhSL4gSiz6vJf5EeMP0LOn3ZCprL2ki/gjED8ghVw==",
      "license": "Standard 'no charge' license: https://gsap.com/standard-license."
    }
  }
}
